// !$*UTF8*$!
{
	archiveVersion = 1;
	classes = {
	};
	objectVersion = 46;
	objects = {

/* Begin PBXBuildFile section */
		04A19129184A3F8800CA8826 /* MMCore.m in Sources */ = {isa = PBXBuildFile; fileRef = 04A19128184A3F8800CA8826 /* MMCore.m */; };
		04A1912E184AA7F900CA8826 /* nodeImage.png in Resources */ = {isa = PBXBuildFile; fileRef = 04A1912D184AA7F900CA8826 /* nodeImage.png */; };
		3086B6081840BEC0004056E8 /* Foundation.framework in Frameworks */ = {isa = PBXBuildFile; fileRef = 3086B6071840BEC0004056E8 /* Foundation.framework */; };
		3086B60A1840BEC0004056E8 /* CoreGraphics.framework in Frameworks */ = {isa = PBXBuildFile; fileRef = 3086B6091840BEC0004056E8 /* CoreGraphics.framework */; };
		3086B60C1840BEC0004056E8 /* UIKit.framework in Frameworks */ = {isa = PBXBuildFile; fileRef = 3086B60B1840BEC0004056E8 /* UIKit.framework */; };
		3086B6121840BEC0004056E8 /* InfoPlist.strings in Resources */ = {isa = PBXBuildFile; fileRef = 3086B6101840BEC0004056E8 /* InfoPlist.strings */; };
		3086B6141840BEC0004056E8 /* main.m in Sources */ = {isa = PBXBuildFile; fileRef = 3086B6131840BEC0004056E8 /* main.m */; };
		3086B6181840BEC0004056E8 /* MMAppDelegate.m in Sources */ = {isa = PBXBuildFile; fileRef = 3086B6171840BEC0004056E8 /* MMAppDelegate.m */; };
		3086B61E1840BEC0004056E8 /* Main_iPad.storyboard in Resources */ = {isa = PBXBuildFile; fileRef = 3086B61C1840BEC0004056E8 /* Main_iPad.storyboard */; };
		3086B6211840BEC0004056E8 /* MMMasterViewController.m in Sources */ = {isa = PBXBuildFile; fileRef = 3086B6201840BEC0004056E8 /* MMMasterViewController.m */; };
		3086B6241840BEC0004056E8 /* MMDetailViewController.m in Sources */ = {isa = PBXBuildFile; fileRef = 3086B6231840BEC0004056E8 /* MMDetailViewController.m */; };
		3086B6261840BEC0004056E8 /* Images.xcassets in Resources */ = {isa = PBXBuildFile; fileRef = 3086B6251840BEC0004056E8 /* Images.xcassets */; };
		3086B62D1840BEC0004056E8 /* XCTest.framework in Frameworks */ = {isa = PBXBuildFile; fileRef = 3086B62C1840BEC0004056E8 /* XCTest.framework */; };
		3086B62E1840BEC0004056E8 /* Foundation.framework in Frameworks */ = {isa = PBXBuildFile; fileRef = 3086B6071840BEC0004056E8 /* Foundation.framework */; };
		3086B62F1840BEC0004056E8 /* UIKit.framework in Frameworks */ = {isa = PBXBuildFile; fileRef = 3086B60B1840BEC0004056E8 /* UIKit.framework */; };
		3086B6371840BEC0004056E8 /* InfoPlist.strings in Resources */ = {isa = PBXBuildFile; fileRef = 3086B6351840BEC0004056E8 /* InfoPlist.strings */; };
		3086B6391840BEC0004056E8 /* MindmapTests.m in Sources */ = {isa = PBXBuildFile; fileRef = 3086B6381840BEC0004056E8 /* MindmapTests.m */; };
		3086B6431840C829004056E8 /* mm.tiff in Resources */ = {isa = PBXBuildFile; fileRef = 3086B6421840C829004056E8 /* mm.tiff */; };
		3086B6461840CB44004056E8 /* MMDrawViewController.m in Sources */ = {isa = PBXBuildFile; fileRef = 3086B6451840CB44004056E8 /* MMDrawViewController.m */; };
		3086B6491840E50B004056E8 /* MMPopDrawViewController.m in Sources */ = {isa = PBXBuildFile; fileRef = 3086B6481840E50B004056E8 /* MMPopDrawViewController.m */; };
		3086B64B1840E7BB004056E8 /* test.jpg in Resources */ = {isa = PBXBuildFile; fileRef = 3086B64A1840E7BB004056E8 /* test.jpg */; };
/* End PBXBuildFile section */

/* Begin PBXContainerItemProxy section */
		3086B6301840BEC0004056E8 /* PBXContainerItemProxy */ = {
			isa = PBXContainerItemProxy;
			containerPortal = 3086B5FC1840BEC0004056E8 /* Project object */;
			proxyType = 1;
			remoteGlobalIDString = 3086B6031840BEC0004056E8;
			remoteInfo = Mindmap;
		};
/* End PBXContainerItemProxy section */

/* Begin PBXFileReference section */
		04A19127184A3F8800CA8826 /* MMCore.h */ = {isa = PBXFileReference; fileEncoding = 4; lastKnownFileType = sourcecode.c.h; path = MMCore.h; sourceTree = "<group>"; };
		04A19128184A3F8800CA8826 /* MMCore.m */ = {isa = PBXFileReference; fileEncoding = 4; lastKnownFileType = sourcecode.c.objc; path = MMCore.m; sourceTree = "<group>"; };
		04A1912D184AA7F900CA8826 /* nodeImage.png */ = {isa = PBXFileReference; lastKnownFileType = image.png; path = nodeImage.png; sourceTree = "<group>"; };
		3086B6041840BEC0004056E8 /* Mindmap.app */ = {isa = PBXFileReference; explicitFileType = wrapper.application; includeInIndex = 0; path = Mindmap.app; sourceTree = BUILT_PRODUCTS_DIR; };
		3086B6071840BEC0004056E8 /* Foundation.framework */ = {isa = PBXFileReference; lastKnownFileType = wrapper.framework; name = Foundation.framework; path = System/Library/Frameworks/Foundation.framework; sourceTree = SDKROOT; };
		3086B6091840BEC0004056E8 /* CoreGraphics.framework */ = {isa = PBXFileReference; lastKnownFileType = wrapper.framework; name = CoreGraphics.framework; path = System/Library/Frameworks/CoreGraphics.framework; sourceTree = SDKROOT; };
		3086B60B1840BEC0004056E8 /* UIKit.framework */ = {isa = PBXFileReference; lastKnownFileType = wrapper.framework; name = UIKit.framework; path = System/Library/Frameworks/UIKit.framework; sourceTree = SDKROOT; };
		3086B60F1840BEC0004056E8 /* Mindmap-Info.plist */ = {isa = PBXFileReference; lastKnownFileType = text.plist.xml; path = "Mindmap-Info.plist"; sourceTree = "<group>"; };
		3086B6111840BEC0004056E8 /* en */ = {isa = PBXFileReference; lastKnownFileType = text.plist.strings; name = en; path = en.lproj/InfoPlist.strings; sourceTree = "<group>"; };
		3086B6131840BEC0004056E8 /* main.m */ = {isa = PBXFileReference; lastKnownFileType = sourcecode.c.objc; path = main.m; sourceTree = "<group>"; };
		3086B6151840BEC0004056E8 /* Mindmap-Prefix.pch */ = {isa = PBXFileReference; lastKnownFileType = sourcecode.c.h; path = "Mindmap-Prefix.pch"; sourceTree = "<group>"; };
		3086B6161840BEC0004056E8 /* MMAppDelegate.h */ = {isa = PBXFileReference; lastKnownFileType = sourcecode.c.h; path = MMAppDelegate.h; sourceTree = "<group>"; };
		3086B6171840BEC0004056E8 /* MMAppDelegate.m */ = {isa = PBXFileReference; lastKnownFileType = sourcecode.c.objc; path = MMAppDelegate.m; sourceTree = "<group>"; };
		3086B61D1840BEC0004056E8 /* Base */ = {isa = PBXFileReference; lastKnownFileType = file.storyboard; name = Base; path = Base.lproj/Main_iPad.storyboard; sourceTree = "<group>"; };
		3086B61F1840BEC0004056E8 /* MMMasterViewController.h */ = {isa = PBXFileReference; lastKnownFileType = sourcecode.c.h; path = MMMasterViewController.h; sourceTree = "<group>"; };
		3086B6201840BEC0004056E8 /* MMMasterViewController.m */ = {isa = PBXFileReference; lastKnownFileType = sourcecode.c.objc; path = MMMasterViewController.m; sourceTree = "<group>"; };
		3086B6221840BEC0004056E8 /* MMDetailViewController.h */ = {isa = PBXFileReference; lastKnownFileType = sourcecode.c.h; path = MMDetailViewController.h; sourceTree = "<group>"; };
		3086B6231840BEC0004056E8 /* MMDetailViewController.m */ = {isa = PBXFileReference; lastKnownFileType = sourcecode.c.objc; path = MMDetailViewController.m; sourceTree = "<group>"; };
		3086B6251840BEC0004056E8 /* Images.xcassets */ = {isa = PBXFileReference; lastKnownFileType = folder.assetcatalog; path = Images.xcassets; sourceTree = "<group>"; };
		3086B62B1840BEC0004056E8 /* MindmapTests.xctest */ = {isa = PBXFileReference; explicitFileType = wrapper.cfbundle; includeInIndex = 0; path = MindmapTests.xctest; sourceTree = BUILT_PRODUCTS_DIR; };
		3086B62C1840BEC0004056E8 /* XCTest.framework */ = {isa = PBXFileReference; lastKnownFileType = wrapper.framework; name = XCTest.framework; path = Library/Frameworks/XCTest.framework; sourceTree = DEVELOPER_DIR; };
		3086B6341840BEC0004056E8 /* MindmapTests-Info.plist */ = {isa = PBXFileReference; lastKnownFileType = text.plist.xml; path = "MindmapTests-Info.plist"; sourceTree = "<group>"; };
		3086B6361840BEC0004056E8 /* en */ = {isa = PBXFileReference; lastKnownFileType = text.plist.strings; name = en; path = en.lproj/InfoPlist.strings; sourceTree = "<group>"; };
		3086B6381840BEC0004056E8 /* MindmapTests.m */ = {isa = PBXFileReference; lastKnownFileType = sourcecode.c.objc; path = MindmapTests.m; sourceTree = "<group>"; };
		3086B6421840C829004056E8 /* mm.tiff */ = {isa = PBXFileReference; lastKnownFileType = image.tiff; path = mm.tiff; sourceTree = "<group>"; };
		3086B6441840CB44004056E8 /* MMDrawViewController.h */ = {isa = PBXFileReference; fileEncoding = 4; lastKnownFileType = sourcecode.c.h; path = MMDrawViewController.h; sourceTree = "<group>"; };
		3086B6451840CB44004056E8 /* MMDrawViewController.m */ = {isa = PBXFileReference; fileEncoding = 4; lastKnownFileType = sourcecode.c.objc; path = MMDrawViewController.m; sourceTree = "<group>"; };
		3086B6471840E50B004056E8 /* MMPopDrawViewController.h */ = {isa = PBXFileReference; fileEncoding = 4; lastKnownFileType = sourcecode.c.h; path = MMPopDrawViewController.h; sourceTree = "<group>"; };
		3086B6481840E50B004056E8 /* MMPopDrawViewController.m */ = {isa = PBXFileReference; fileEncoding = 4; lastKnownFileType = sourcecode.c.objc; path = MMPopDrawViewController.m; sourceTree = "<group>"; };
		3086B64A1840E7BB004056E8 /* test.jpg */ = {isa = PBXFileReference; lastKnownFileType = image.jpeg; path = test.jpg; sourceTree = "<group>"; };
/* End PBXFileReference section */

/* Begin PBXFrameworksBuildPhase section */
		3086B6011840BEC0004056E8 /* Frameworks */ = {
			isa = PBXFrameworksBuildPhase;
			buildActionMask = 2147483647;
			files = (
				3086B60A1840BEC0004056E8 /* CoreGraphics.framework in Frameworks */,
				3086B60C1840BEC0004056E8 /* UIKit.framework in Frameworks */,
				3086B6081840BEC0004056E8 /* Foundation.framework in Frameworks */,
			);
			runOnlyForDeploymentPostprocessing = 0;
		};
		3086B6281840BEC0004056E8 /* Frameworks */ = {
			isa = PBXFrameworksBuildPhase;
			buildActionMask = 2147483647;
			files = (
				3086B62D1840BEC0004056E8 /* XCTest.framework in Frameworks */,
				3086B62F1840BEC0004056E8 /* UIKit.framework in Frameworks */,
				3086B62E1840BEC0004056E8 /* Foundation.framework in Frameworks */,
			);
			runOnlyForDeploymentPostprocessing = 0;
		};
/* End PBXFrameworksBuildPhase section */

/* Begin PBXGroup section */
		04A1912A184A406B00CA8826 /* MainEditor */ = {
			isa = PBXGroup;
			children = (
				04A19127184A3F8800CA8826 /* MMCore.h */,
				04A19128184A3F8800CA8826 /* MMCore.m */,
				3086B6441840CB44004056E8 /* MMDrawViewController.h */,
				3086B6451840CB44004056E8 /* MMDrawViewController.m */,
			);
			name = MainEditor;
			sourceTree = "<group>";
		};
		3086B5FB1840BEC0004056E8 = {
			isa = PBXGroup;
			children = (
				3086B60D1840BEC0004056E8 /* Mindmap */,
				3086B6321840BEC0004056E8 /* MindmapTests */,
				3086B6061840BEC0004056E8 /* Frameworks */,
				3086B6051840BEC0004056E8 /* Products */,
			);
			sourceTree = "<group>";
		};
		3086B6051840BEC0004056E8 /* Products */ = {
			isa = PBXGroup;
			children = (
				3086B6041840BEC0004056E8 /* Mindmap.app */,
				3086B62B1840BEC0004056E8 /* MindmapTests.xctest */,
			);
			name = Products;
			sourceTree = "<group>";
		};
		3086B6061840BEC0004056E8 /* Frameworks */ = {
			isa = PBXGroup;
			children = (
				3086B6071840BEC0004056E8 /* Foundation.framework */,
				3086B6091840BEC0004056E8 /* CoreGraphics.framework */,
				3086B60B1840BEC0004056E8 /* UIKit.framework */,
				3086B62C1840BEC0004056E8 /* XCTest.framework */,
			);
			name = Frameworks;
			sourceTree = "<group>";
		};
		3086B60D1840BEC0004056E8 /* Mindmap */ = {
			isa = PBXGroup;
			children = (
				04A1912A184A406B00CA8826 /* MainEditor */,
				3086B6471840E50B004056E8 /* MMPopDrawViewController.h */,
				3086B6481840E50B004056E8 /* MMPopDrawViewController.m */,
				3086B6161840BEC0004056E8 /* MMAppDelegate.h */,
				3086B6171840BEC0004056E8 /* MMAppDelegate.m */,
				3086B61C1840BEC0004056E8 /* Main_iPad.storyboard */,
				3086B61F1840BEC0004056E8 /* MMMasterViewController.h */,
				3086B6201840BEC0004056E8 /* MMMasterViewController.m */,
				3086B6221840BEC0004056E8 /* MMDetailViewController.h */,
				3086B6231840BEC0004056E8 /* MMDetailViewController.m */,
				3086B6251840BEC0004056E8 /* Images.xcassets */,
				04A1912D184AA7F900CA8826 /* nodeImage.png */,
				3086B64A1840E7BB004056E8 /* test.jpg */,
				3086B6421840C829004056E8 /* mm.tiff */,
				3086B60E1840BEC0004056E8 /* Supporting Files */,
			);
			path = Mindmap;
			sourceTree = "<group>";
		};
		3086B60E1840BEC0004056E8 /* Supporting Files */ = {
			isa = PBXGroup;
			children = (
				3086B60F1840BEC0004056E8 /* Mindmap-Info.plist */,
				3086B6101840BEC0004056E8 /* InfoPlist.strings */,
				3086B6131840BEC0004056E8 /* main.m */,
				3086B6151840BEC0004056E8 /* Mindmap-Prefix.pch */,
			);
			name = "Supporting Files";
			sourceTree = "<group>";
		};
		3086B6321840BEC0004056E8 /* MindmapTests */ = {
			isa = PBXGroup;
			children = (
				3086B6381840BEC0004056E8 /* MindmapTests.m */,
				3086B6331840BEC0004056E8 /* Supporting Files */,
			);
			path = MindmapTests;
			sourceTree = "<group>";
		};
		3086B6331840BEC0004056E8 /* Supporting Files */ = {
			isa = PBXGroup;
			children = (
				3086B6341840BEC0004056E8 /* MindmapTests-Info.plist */,
				3086B6351840BEC0004056E8 /* InfoPlist.strings */,
			);
			name = "Supporting Files";
			sourceTree = "<group>";
		};
/* End PBXGroup section */

/* Begin PBXNativeTarget section */
		3086B6031840BEC0004056E8 /* Mindmap */ = {
			isa = PBXNativeTarget;
			buildConfigurationList = 3086B63C1840BEC0004056E8 /* Build configuration list for PBXNativeTarget "Mindmap" */;
			buildPhases = (
				3086B6001840BEC0004056E8 /* Sources */,
				3086B6011840BEC0004056E8 /* Frameworks */,
				3086B6021840BEC0004056E8 /* Resources */,
			);
			buildRules = (
			);
			dependencies = (
			);
			name = Mindmap;
			productName = Mindmap;
			productReference = 3086B6041840BEC0004056E8 /* Mindmap.app */;
			productType = "com.apple.product-type.application";
		};
		3086B62A1840BEC0004056E8 /* MindmapTests */ = {
			isa = PBXNativeTarget;
			buildConfigurationList = 3086B63F1840BEC0004056E8 /* Build configuration list for PBXNativeTarget "MindmapTests" */;
			buildPhases = (
				3086B6271840BEC0004056E8 /* Sources */,
				3086B6281840BEC0004056E8 /* Frameworks */,
				3086B6291840BEC0004056E8 /* Resources */,
			);
			buildRules = (
			);
			dependencies = (
				3086B6311840BEC0004056E8 /* PBXTargetDependency */,
			);
			name = MindmapTests;
			productName = MindmapTests;
			productReference = 3086B62B1840BEC0004056E8 /* MindmapTests.xctest */;
			productType = "com.apple.product-type.bundle.unit-test";
		};
/* End PBXNativeTarget section */

/* Begin PBXProject section */
		3086B5FC1840BEC0004056E8 /* Project object */ = {
			isa = PBXProject;
			attributes = {
				CLASSPREFIX = MM;
				LastUpgradeCheck = 0500;
				ORGANIZATIONNAME = NTU;
				TargetAttributes = {
					3086B62A1840BEC0004056E8 = {
						TestTargetID = 3086B6031840BEC0004056E8;
					};
				};
			};
			buildConfigurationList = 3086B5FF1840BEC0004056E8 /* Build configuration list for PBXProject "Mindmap" */;
			compatibilityVersion = "Xcode 3.2";
			developmentRegion = English;
			hasScannedForEncodings = 0;
			knownRegions = (
				en,
				Base,
			);
			mainGroup = 3086B5FB1840BEC0004056E8;
			productRefGroup = 3086B6051840BEC0004056E8 /* Products */;
			projectDirPath = "";
			projectRoot = "";
			targets = (
				3086B6031840BEC0004056E8 /* Mindmap */,
				3086B62A1840BEC0004056E8 /* MindmapTests */,
			);
		};
/* End PBXProject section */

/* Begin PBXResourcesBuildPhase section */
		3086B6021840BEC0004056E8 /* Resources */ = {
			isa = PBXResourcesBuildPhase;
			buildActionMask = 2147483647;
			files = (
				3086B64B1840E7BB004056E8 /* test.jpg in Resources */,
				3086B6431840C829004056E8 /* mm.tiff in Resources */,
				3086B61E1840BEC0004056E8 /* Main_iPad.storyboard in Resources */,
				3086B6261840BEC0004056E8 /* Images.xcassets in Resources */,
				3086B6121840BEC0004056E8 /* InfoPlist.strings in Resources */,
				04A1912E184AA7F900CA8826 /* nodeImage.png in Resources */,
			);
			runOnlyForDeploymentPostprocessing = 0;
		};
		3086B6291840BEC0004056E8 /* Resources */ = {
			isa = PBXResourcesBuildPhase;
			buildActionMask = 2147483647;
			files = (
				3086B6371840BEC0004056E8 /* InfoPlist.strings in Resources */,
			);
			runOnlyForDeploymentPostprocessing = 0;
		};
/* End PBXResourcesBuildPhase section */

/* Begin PBXSourcesBuildPhase section */
		3086B6001840BEC0004056E8 /* Sources */ = {
			isa = PBXSourcesBuildPhase;
			buildActionMask = 2147483647;
			files = (
				04A19129184A3F8800CA8826 /* MMCore.m in Sources */,
				3086B6181840BEC0004056E8 /* MMAppDelegate.m in Sources */,
				3086B6211840BEC0004056E8 /* MMMasterViewController.m in Sources */,
				3086B6141840BEC0004056E8 /* main.m in Sources */,
				3086B6461840CB44004056E8 /* MMDrawViewController.m in Sources */,
				3086B6491840E50B004056E8 /* MMPopDrawViewController.m in Sources */,
				3086B6241840BEC0004056E8 /* MMDetailViewController.m in Sources */,
			);
			runOnlyForDeploymentPostprocessing = 0;
		};
		3086B6271840BEC0004056E8 /* Sources */ = {
			isa = PBXSourcesBuildPhase;
			buildActionMask = 2147483647;
			files = (
				3086B6391840BEC0004056E8 /* MindmapTests.m in Sources */,
			);
			runOnlyForDeploymentPostprocessing = 0;
		};
/* End PBXSourcesBuildPhase section */

/* Begin PBXTargetDependency section */
		3086B6311840BEC0004056E8 /* PBXTargetDependency */ = {
			isa = PBXTargetDependency;
			target = 3086B6031840BEC0004056E8 /* Mindmap */;
			targetProxy = 3086B6301840BEC0004056E8 /* PBXContainerItemProxy */;
		};
/* End PBXTargetDependency section */

/* Begin PBXVariantGroup section */
		3086B6101840BEC0004056E8 /* InfoPlist.strings */ = {
			isa = PBXVariantGroup;
			children = (
				3086B6111840BEC0004056E8 /* en */,
			);
			name = InfoPlist.strings;
			sourceTree = "<group>";
		};
		3086B61C1840BEC0004056E8 /* Main_iPad.storyboard */ = {
			isa = PBXVariantGroup;
			children = (
				3086B61D1840BEC0004056E8 /* Base */,
			);
			name = Main_iPad.storyboard;
			sourceTree = "<group>";
		};
		3086B6351840BEC0004056E8 /* InfoPlist.strings */ = {
			isa = PBXVariantGroup;
			children = (
				3086B6361840BEC0004056E8 /* en */,
			);
			name = InfoPlist.strings;
			sourceTree = "<group>";
		};
/* End PBXVariantGroup section */

/* Begin XCBuildConfiguration section */
		3086B63A1840BEC0004056E8 /* Debug */ = {
			isa = XCBuildConfiguration;
			buildSettings = {
				ALWAYS_SEARCH_USER_PATHS = NO;
				ARCHS = "$(ARCHS_STANDARD_INCLUDING_64_BIT)";
				CLANG_CXX_LANGUAGE_STANDARD = "gnu++0x";
				CLANG_CXX_LIBRARY = "libc++";
				CLANG_ENABLE_MODULES = YES;
				CLANG_ENABLE_OBJC_ARC = YES;
				CLANG_WARN_BOOL_CONVERSION = YES;
				CLANG_WARN_CONSTANT_CONVERSION = YES;
				CLANG_WARN_DIRECT_OBJC_ISA_USAGE = YES_ERROR;
				CLANG_WARN_EMPTY_BODY = YES;
				CLANG_WARN_ENUM_CONVERSION = YES;
				CLANG_WARN_INT_CONVERSION = YES;
				CLANG_WARN_OBJC_ROOT_CLASS = YES_ERROR;
				CLANG_WARN__DUPLICATE_METHOD_MATCH = YES;
				"CODE_SIGN_IDENTITY[sdk=iphoneos*]" = "iPhone Developer";
				COPY_PHASE_STRIP = NO;
				GCC_C_LANGUAGE_STANDARD = gnu99;
				GCC_DYNAMIC_NO_PIC = NO;
				GCC_OPTIMIZATION_LEVEL = 0;
				GCC_PREPROCESSOR_DEFINITIONS = (
					"DEBUG=1",
					"$(inherited)",
				);
				GCC_SYMBOLS_PRIVATE_EXTERN = NO;
				GCC_WARN_64_TO_32_BIT_CONVERSION = YES;
				GCC_WARN_ABOUT_RETURN_TYPE = YES_ERROR;
				GCC_WARN_UNDECLARED_SELECTOR = YES;
				GCC_WARN_UNINITIALIZED_AUTOS = YES;
				GCC_WARN_UNUSED_FUNCTION = YES;
				GCC_WARN_UNUSED_VARIABLE = YES;
				IPHONEOS_DEPLOYMENT_TARGET = 7.0;
				ONLY_ACTIVE_ARCH = YES;
				SDKROOT = iphoneos;
				TARGETED_DEVICE_FAMILY = "1,2";
			};
			name = Debug;
		};
		3086B63B1840BEC0004056E8 /* Release */ = {
			isa = XCBuildConfiguration;
			buildSettings = {
				ALWAYS_SEARCH_USER_PATHS = NO;
				ARCHS = "$(ARCHS_STANDARD_INCLUDING_64_BIT)";
				CLANG_CXX_LANGUAGE_STANDARD = "gnu++0x";
				CLANG_CXX_LIBRARY = "libc++";
				CLANG_ENABLE_MODULES = YES;
				CLANG_ENABLE_OBJC_ARC = YES;
				CLANG_WARN_BOOL_CONVERSION = YES;
				CLANG_WARN_CONSTANT_CONVERSION = YES;
				CLANG_WARN_DIRECT_OBJC_ISA_USAGE = YES_ERROR;
				CLANG_WARN_EMPTY_BODY = YES;
				CLANG_WARN_ENUM_CONVERSION = YES;
				CLANG_WARN_INT_CONVERSION = YES;
				CLANG_WARN_OBJC_ROOT_CLASS = YES_ERROR;
				CLANG_WARN__DUPLICATE_METHOD_MATCH = YES;
				"CODE_SIGN_IDENTITY[sdk=iphoneos*]" = "iPhone Developer";
				COPY_PHASE_STRIP = YES;
				ENABLE_NS_ASSERTIONS = NO;
				GCC_C_LANGUAGE_STANDARD = gnu99;
				GCC_WARN_64_TO_32_BIT_CONVERSION = YES;
				GCC_WARN_ABOUT_RETURN_TYPE = YES_ERROR;
				GCC_WARN_UNDECLARED_SELECTOR = YES;
				GCC_WARN_UNINITIALIZED_AUTOS = YES;
				GCC_WARN_UNUSED_FUNCTION = YES;
				GCC_WARN_UNUSED_VARIABLE = YES;
				IPHONEOS_DEPLOYMENT_TARGET = 7.0;
				SDKROOT = iphoneos;
				TARGETED_DEVICE_FAMILY = "1,2";
				VALIDATE_PRODUCT = YES;
			};
			name = Release;
		};
		3086B63D1840BEC0004056E8 /* Debug */ = {
			isa = XCBuildConfiguration;
			buildSettings = {
				ASSETCATALOG_COMPILER_APPICON_NAME = AppIcon;
				ASSETCATALOG_COMPILER_LAUNCHIMAGE_NAME = LaunchImage;
				GCC_PRECOMPILE_PREFIX_HEADER = YES;
				GCC_PREFIX_HEADER = "Mindmap/Mindmap-Prefix.pch";
				INFOPLIST_FILE = "Mindmap/Mindmap-Info.plist";
				PRODUCT_NAME = "$(TARGET_NAME)";
				WRAPPER_EXTENSION = app;
			};
			name = Debug;
		};
		3086B63E1840BEC0004056E8 /* Release */ = {
			isa = XCBuildConfiguration;
			buildSettings = {
				ASSETCATALOG_COMPILER_APPICON_NAME = AppIcon;
				ASSETCATALOG_COMPILER_LAUNCHIMAGE_NAME = LaunchImage;
				GCC_PRECOMPILE_PREFIX_HEADER = YES;
				GCC_PREFIX_HEADER = "Mindmap/Mindmap-Prefix.pch";
				INFOPLIST_FILE = "Mindmap/Mindmap-Info.plist";
				PRODUCT_NAME = "$(TARGET_NAME)";
				WRAPPER_EXTENSION = app;
			};
			name = Release;
		};
		3086B6401840BEC0004056E8 /* Debug */ = {
			isa = XCBuildConfiguration;
			buildSettings = {
				ARCHS = "$(ARCHS_STANDARD_INCLUDING_64_BIT)";
				BUNDLE_LOADER = "$(BUILT_PRODUCTS_DIR)/Mindmap.app/Mindmap";
				FRAMEWORK_SEARCH_PATHS = (
					"$(SDKROOT)/Developer/Library/Frameworks",
					"$(inherited)",
					"$(DEVELOPER_FRAMEWORKS_DIR)",
				);
				GCC_PRECOMPILE_PREFIX_HEADER = YES;
				GCC_PREFIX_HEADER = "Mindmap/Mindmap-Prefix.pch";
				GCC_PREPROCESSOR_DEFINITIONS = (
					"DEBUG=1",
					"$(inherited)",
				);
				INFOPLIST_FILE = "MindmapTests/MindmapTests-Info.plist";
				PRODUCT_NAME = "$(TARGET_NAME)";
				TEST_HOST = "$(BUNDLE_LOADER)";
				WRAPPER_EXTENSION = xctest;
			};
			name = Debug;
		};
		3086B6411840BEC0004056E8 /* Release */ = {
			isa = XCBuildConfiguration;
			buildSettings = {
				ARCHS = "$(ARCHS_STANDARD_INCLUDING_64_BIT)";
				BUNDLE_LOADER = "$(BUILT_PRODUCTS_DIR)/Mindmap.app/Mindmap";
				FRAMEWORK_SEARCH_PATHS = (
					"$(SDKROOT)/Developer/Library/Frameworks",
					"$(inherited)",
					"$(DEVELOPER_FRAMEWORKS_DIR)",
				);
				GCC_PRECOMPILE_PREFIX_HEADER = YES;
				GCC_PREFIX_HEADER = "Mindmap/Mindmap-Prefix.pch";
				INFOPLIST_FILE = "MindmapTests/MindmapTests-Info.plist";
				PRODUCT_NAME = "$(TARGET_NAME)";
				TEST_HOST = "$(BUNDLE_LOADER)";
				WRAPPER_EXTENSION = xctest;
			};
			name = Release;
		};
/* End XCBuildConfiguration section */

/* Begin XCConfigurationList section */
		3086B5FF1840BEC0004056E8 /* Build configuration list for PBXProject "Mindmap" */ = {
			isa = XCConfigurationList;
			buildConfigurations = (
				3086B63A1840BEC0004056E8 /* Debug */,
				3086B63B1840BEC0004056E8 /* Release */,
			);
			defaultConfigurationIsVisible = 0;
			defaultConfigurationName = Release;
		};
		3086B63C1840BEC0004056E8 /* Build configuration list for PBXNativeTarget "Mindmap" */ = {
			isa = XCConfigurationList;
			buildConfigurations = (
				3086B63D1840BEC0004056E8 /* Debug */,
				3086B63E1840BEC0004056E8 /* Release */,
			);
			defaultConfigurationIsVisible = 0;
			defaultConfigurationName = Release;
		};
		3086B63F1840BEC0004056E8 /* Build configuration list for PBXNativeTarget "MindmapTests" */ = {
			isa = XCConfigurationList;
			buildConfigurations = (
				3086B6401840BEC0004056E8 /* Debug */,
				3086B6411840BEC0004056E8 /* Release */,
			);
			defaultConfigurationIsVisible = 0;
			defaultConfigurationName = Release;
		};
/* End XCConfigurationList section */
	};
	rootObject = 3086B5FC1840BEC0004056E8 /* Project object */;
}
